
Microsoft Visual Studio Solution File, Format Version 12.00
# Visual Studio 2015
Project("{FAE04EC0-301F-11D3-BF4B-00C04F79EFBC}") = "IGI Game Jam.Plugins", "IGI Game Jam.Plugins.csproj", "{ACC37ADF-25B7-C93A-AF5B-F7A81C4ABD23}"
EndProject
Project("{FAE04EC0-301F-11D3-BF4B-00C04F79EFBC}") = "IGI Game Jam", "IGI Game Jam.csproj", "{3D22A42B-EF59-A51B-A091-685AC0FE4117}"
EndProject
Project("{FAE04EC0-301F-11D3-BF4B-00C04F79EFBC}") = "IGI Game Jam.Editor.Plugins", "IGI Game Jam.Editor.Plugins.csproj", "{38D5D08C-CB47-0EDE-8DAB-19E972E3B3E8}"
EndProject
Global
	GlobalSection(SolutionConfigurationPlatforms) = preSolution
		Debug|Any CPU = Debug|Any CPU
		Release|Any CPU = Release|Any CPU
	EndGlobalSection
	GlobalSection(ProjectConfigurationPlatforms) = postSolution
		{ACC37ADF-25B7-C93A-AF5B-F7A81C4ABD23}.Debug|Any CPU.ActiveCfg = Debug|Any CPU
		{ACC37ADF-25B7-C93A-AF5B-F7A81C4ABD23}.Debug|Any CPU.Build.0 = Debug|Any CPU
		{ACC37ADF-25B7-C93A-AF5B-F7A81C4ABD23}.Release|Any CPU.ActiveCfg = Release|Any CPU
		{ACC37ADF-25B7-C93A-AF5B-F7A81C4ABD23}.Release|Any CPU.Build.0 = Release|Any CPU
		{3D22A42B-EF59-A51B-A091-685AC0FE4117}.Debug|Any CPU.ActiveCfg = Debug|Any CPU
		{3D22A42B-EF59-A51B-A091-685AC0FE4117}.Debug|Any CPU.Build.0 = Debug|Any CPU
		{3D22A42B-EF59-A51B-A091-685AC0FE4117}.Release|Any CPU.ActiveCfg = Release|Any CPU
		{3D22A42B-EF59-A51B-A091-685AC0FE4117}.Release|Any CPU.Build.0 = Release|Any CPU
		{38D5D08C-CB47-0EDE-8DAB-19E972E3B3E8}.Debug|Any CPU.ActiveCfg = Debug|Any CPU
		{38D5D08C-CB47-0EDE-8DAB-19E972E3B3E8}.Debug|Any CPU.Build.0 = Debug|Any CPU
		{38D5D08C-CB47-0EDE-8DAB-19E972E3B3E8}.Release|Any CPU.ActiveCfg = Release|Any CPU
		{38D5D08C-CB47-0EDE-8DAB-19E972E3B3E8}.Release|Any CPU.Build.0 = Release|Any CPU
	EndGlobalSection
	GlobalSection(SolutionProperties) = preSolution
		HideSolutionNode = FALSE
	EndGlobalSection
EndGlobal
